
Microsoft Visual Studio Solution File, Format Version 12.00
# Visual Studio Version 17
VisualStudioVersion = 17.11.35327.3
MinimumVisualStudioVersion = 10.0.40219.1
Project("{FAE04EC0-301F-11D3-BF4B-00C04F79EFBC}") = "VargasBobbyGitAzure", "VargasBobbyGitAzure\VargasBobbyGitAzure.csproj", "{0EE5744D-FB35-4BE5-9B0A-2057B1036E44}"
EndProject
Global
	GlobalSection(SolutionConfigurationPlatforms) = preSolution
		Debug|Any CPU = Debug|Any CPU
		Release|Any CPU = Release|Any CPU
	EndGlobalSection
	GlobalSection(ProjectConfigurationPlatforms) = postSolution
		{0EE5744D-FB35-4BE5-9B0A-2057B1036E44}.Debug|Any CPU.ActiveCfg = Debug|Any CPU
		{0EE5744D-FB35-4BE5-9B0A-2057B1036E44}.Debug|Any CPU.Build.0 = Debug|Any CPU
		{0EE5744D-FB35-4BE5-9B0A-2057B1036E44}.Release|Any CPU.ActiveCfg = Release|Any CPU
		{0EE5744D-FB35-4BE5-9B0A-2057B1036E44}.Release|Any CPU.Build.0 = Release|Any CPU
	EndGlobalSection
	GlobalSection(SolutionProperties) = preSolution
		HideSolutionNode = FALSE
	EndGlobalSection
	GlobalSection(ExtensibilityGlobals) = postSolution
		SolutionGuid = {6349ABA8-0B4A-4580-BCA9-B8188E02D4BB}
	EndGlobalSection
EndGlobal
